
Microsoft Visual Studio Solution File, Format Version 12.00
# Visual Studio Version 16
VisualStudioVersion = 16.0.31515.178
MinimumVisualStudioVersion = 10.0.40219.1
Project("{FAE04EC0-301F-11D3-BF4B-00C04F79EFBC}") = "University.Web", "University.Web\University.Web.csproj", "{44F76B43-D9BE-4139-9907-C6CFC4F9D5B0}"
EndProject
Project("{FAE04EC0-301F-11D3-BF4B-00C04F79EFBC}") = "University.BL", "University.BL\University.BL.csproj", "{6F8FE14F-E7AA-48B7-A6C7-0E5C965792F7}"
EndProject
Project("{FAE04EC0-301F-11D3-BF4B-00C04F79EFBC}") = "University.Test", "University.Test\University.Test.csproj", "{B659FD1A-EF66-4B69-B6DA-37FD5457CBD3}"
EndProject
Global
	GlobalSection(SolutionConfigurationPlatforms) = preSolution
		Debug|Any CPU = Debug|Any CPU
		Release|Any CPU = Release|Any CPU
	EndGlobalSection
	GlobalSection(ProjectConfigurationPlatforms) = postSolution
		{44F76B43-D9BE-4139-9907-C6CFC4F9D5B0}.Debug|Any CPU.ActiveCfg = Debug|Any CPU
		{44F76B43-D9BE-4139-9907-C6CFC4F9D5B0}.Debug|Any CPU.Build.0 = Debug|Any CPU
		{44F76B43-D9BE-4139-9907-C6CFC4F9D5B0}.Release|Any CPU.ActiveCfg = Release|Any CPU
		{44F76B43-D9BE-4139-9907-C6CFC4F9D5B0}.Release|Any CPU.Build.0 = Release|Any CPU
		{6F8FE14F-E7AA-48B7-A6C7-0E5C965792F7}.Debug|Any CPU.ActiveCfg = Debug|Any CPU
		{6F8FE14F-E7AA-48B7-A6C7-0E5C965792F7}.Debug|Any CPU.Build.0 = Debug|Any CPU
		{6F8FE14F-E7AA-48B7-A6C7-0E5C965792F7}.Release|Any CPU.ActiveCfg = Release|Any CPU
		{6F8FE14F-E7AA-48B7-A6C7-0E5C965792F7}.Release|Any CPU.Build.0 = Release|Any CPU
		{B659FD1A-EF66-4B69-B6DA-37FD5457CBD3}.Debug|Any CPU.ActiveCfg = Debug|Any CPU
		{B659FD1A-EF66-4B69-B6DA-37FD5457CBD3}.Debug|Any CPU.Build.0 = Debug|Any CPU
		{B659FD1A-EF66-4B69-B6DA-37FD5457CBD3}.Release|Any CPU.ActiveCfg = Release|Any CPU
		{B659FD1A-EF66-4B69-B6DA-37FD5457CBD3}.Release|Any CPU.Build.0 = Release|Any CPU
	EndGlobalSection
	GlobalSection(SolutionProperties) = preSolution
		HideSolutionNode = FALSE
	EndGlobalSection
	GlobalSection(ExtensibilityGlobals) = postSolution
		SolutionGuid = {C78EC4CF-F1A6-48D9-AD0E-802489C52394}
	EndGlobalSection
EndGlobal
